
Microsoft Visual Studio Solution File, Format Version 12.00
# Visual Studio Version 17
VisualStudioVersion = 17.3.32901.215
MinimumVisualStudioVersion = 10.0.40219.1
Project("{FAE04EC0-301F-11D3-BF4B-00C04F79EFBC}") = "AutoMapperClone", "AutoMapperClone\AutoMapperClone.csproj", "{69E6BD65-93A6-40AF-9514-A6F27BF5C6CD}"
EndProject
Project("{FAE04EC0-301F-11D3-BF4B-00C04F79EFBC}") = "Automapper.Test", "Automapper.Test\Automapper.Test.csproj", "{2A8908DB-D08B-46D2-8730-A6563368B76A}"
EndProject
Global
	GlobalSection(SolutionConfigurationPlatforms) = preSolution
		Debug|Any CPU = Debug|Any CPU
		Release|Any CPU = Release|Any CPU
	EndGlobalSection
	GlobalSection(ProjectConfigurationPlatforms) = postSolution
		{69E6BD65-93A6-40AF-9514-A6F27BF5C6CD}.Debug|Any CPU.ActiveCfg = Debug|Any CPU
		{69E6BD65-93A6-40AF-9514-A6F27BF5C6CD}.Debug|Any CPU.Build.0 = Debug|Any CPU
		{69E6BD65-93A6-40AF-9514-A6F27BF5C6CD}.Release|Any CPU.ActiveCfg = Release|Any CPU
		{69E6BD65-93A6-40AF-9514-A6F27BF5C6CD}.Release|Any CPU.Build.0 = Release|Any CPU
		{2A8908DB-D08B-46D2-8730-A6563368B76A}.Debug|Any CPU.ActiveCfg = Debug|Any CPU
		{2A8908DB-D08B-46D2-8730-A6563368B76A}.Debug|Any CPU.Build.0 = Debug|Any CPU
		{2A8908DB-D08B-46D2-8730-A6563368B76A}.Release|Any CPU.ActiveCfg = Release|Any CPU
		{2A8908DB-D08B-46D2-8730-A6563368B76A}.Release|Any CPU.Build.0 = Release|Any CPU
	EndGlobalSection
	GlobalSection(SolutionProperties) = preSolution
		HideSolutionNode = FALSE
	EndGlobalSection
	GlobalSection(ExtensibilityGlobals) = postSolution
		SolutionGuid = {B0FA82D7-A2E0-4756-A6E8-88964D2DFBB2}
	EndGlobalSection
EndGlobal
